
Microsoft Visual Studio Solution File, Format Version 12.00
# Visual Studio Version 16
VisualStudioVersion = 16.0.30128.74
MinimumVisualStudioVersion = 10.0.40219.1
Project("{FAE04EC0-301F-11D3-BF4B-00C04F79EFBC}") = "Homemade.BLL", "Homemade.BLL\Homemade.BLL.csproj", "{B0B2E1B8-C186-4B6D-B354-286039BABBDE}"
EndProject
Project("{FAE04EC0-301F-11D3-BF4B-00C04F79EFBC}") = "Homemade.Commmon", "Homemade.Commmon\Homemade.Commmon.csproj", "{F375E344-C64D-45ED-B10D-EEBA6741F167}"
EndProject
Project("{FAE04EC0-301F-11D3-BF4B-00C04F79EFBC}") = "Homemade.Wpf", "Homemade.Wpf\Homemade.Wpf.csproj", "{08FC5CCD-C4BD-4228-9F82-89A8249630CE}"
EndProject
Global
	GlobalSection(SolutionConfigurationPlatforms) = preSolution
		Debug|Any CPU = Debug|Any CPU
		Release|Any CPU = Release|Any CPU
	EndGlobalSection
	GlobalSection(ProjectConfigurationPlatforms) = postSolution
		{B0B2E1B8-C186-4B6D-B354-286039BABBDE}.Debug|Any CPU.ActiveCfg = Debug|Any CPU
		{B0B2E1B8-C186-4B6D-B354-286039BABBDE}.Debug|Any CPU.Build.0 = Debug|Any CPU
		{B0B2E1B8-C186-4B6D-B354-286039BABBDE}.Release|Any CPU.ActiveCfg = Release|Any CPU
		{B0B2E1B8-C186-4B6D-B354-286039BABBDE}.Release|Any CPU.Build.0 = Release|Any CPU
		{F375E344-C64D-45ED-B10D-EEBA6741F167}.Debug|Any CPU.ActiveCfg = Debug|Any CPU
		{F375E344-C64D-45ED-B10D-EEBA6741F167}.Debug|Any CPU.Build.0 = Debug|Any CPU
		{F375E344-C64D-45ED-B10D-EEBA6741F167}.Release|Any CPU.ActiveCfg = Release|Any CPU
		{F375E344-C64D-45ED-B10D-EEBA6741F167}.Release|Any CPU.Build.0 = Release|Any CPU
		{08FC5CCD-C4BD-4228-9F82-89A8249630CE}.Debug|Any CPU.ActiveCfg = Debug|Any CPU
		{08FC5CCD-C4BD-4228-9F82-89A8249630CE}.Debug|Any CPU.Build.0 = Debug|Any CPU
		{08FC5CCD-C4BD-4228-9F82-89A8249630CE}.Release|Any CPU.ActiveCfg = Release|Any CPU
		{08FC5CCD-C4BD-4228-9F82-89A8249630CE}.Release|Any CPU.Build.0 = Release|Any CPU
	EndGlobalSection
	GlobalSection(SolutionProperties) = preSolution
		HideSolutionNode = FALSE
	EndGlobalSection
	GlobalSection(ExtensibilityGlobals) = postSolution
		SolutionGuid = {51EE95FF-44B2-4041-AAE6-98D915C71FE9}
	EndGlobalSection
EndGlobal
